
Microsoft Visual Studio Solution File, Format Version 12.00
# Visual Studio 15
VisualStudioVersion = 15.0.27004.2006
MinimumVisualStudioVersion = 10.0.40219.1
Project("{8BC9CEB8-8B4A-11D0-8D11-00A0C91BC942}") = "Grafy_zad2", "Grafy_zad2.vcxproj", "{5FF60152-7060-4FB3-BC7A-D31EF7CF73D0}"
EndProject
Global
	GlobalSection(SolutionConfigurationPlatforms) = preSolution
		Debug|x64 = Debug|x64
		Debug|x86 = Debug|x86
		Release|x64 = Release|x64
		Release|x86 = Release|x86
	EndGlobalSection
	GlobalSection(ProjectConfigurationPlatforms) = postSolution
		{5FF60152-7060-4FB3-BC7A-D31EF7CF73D0}.Debug|x64.ActiveCfg = Debug|x64
		{5FF60152-7060-4FB3-BC7A-D31EF7CF73D0}.Debug|x64.Build.0 = Debug|x64
		{5FF60152-7060-4FB3-BC7A-D31EF7CF73D0}.Debug|x86.ActiveCfg = Debug|Win32
		{5FF60152-7060-4FB3-BC7A-D31EF7CF73D0}.Debug|x86.Build.0 = Debug|Win32
		{5FF60152-7060-4FB3-BC7A-D31EF7CF73D0}.Release|x64.ActiveCfg = Release|x64
		{5FF60152-7060-4FB3-BC7A-D31EF7CF73D0}.Release|x64.Build.0 = Release|x64
		{5FF60152-7060-4FB3-BC7A-D31EF7CF73D0}.Release|x86.ActiveCfg = Release|Win32
		{5FF60152-7060-4FB3-BC7A-D31EF7CF73D0}.Release|x86.Build.0 = Release|Win32
	EndGlobalSection
	GlobalSection(SolutionProperties) = preSolution
		HideSolutionNode = FALSE
	EndGlobalSection
	GlobalSection(ExtensibilityGlobals) = postSolution
		SolutionGuid = {2CAE515E-12F7-4367-9EAB-25C639998234}
	EndGlobalSection
EndGlobal
